
Microsoft Visual Studio Solution File, Format Version 12.00
# Visual Studio Version 16
VisualStudioVersion = 16.0.31025.218
MinimumVisualStudioVersion = 10.0.40219.1
Project("{FAE04EC0-301F-11D3-BF4B-00C04F79EFBC}") = "Burya_Dialer", "Burya_Dialer.csproj", "{E6ECC70C-FCBE-402D-BA57-0961B156E108}"
EndProject
Global
	GlobalSection(SolutionConfigurationPlatforms) = preSolution
		Debug|Any CPU = Debug|Any CPU
		Release|Any CPU = Release|Any CPU
	EndGlobalSection
	GlobalSection(ProjectConfigurationPlatforms) = postSolution
		{E6ECC70C-FCBE-402D-BA57-0961B156E108}.Debug|Any CPU.ActiveCfg = Debug|Any CPU
		{E6ECC70C-FCBE-402D-BA57-0961B156E108}.Debug|Any CPU.Build.0 = Debug|Any CPU
		{E6ECC70C-FCBE-402D-BA57-0961B156E108}.Release|Any CPU.ActiveCfg = Release|Any CPU
		{E6ECC70C-FCBE-402D-BA57-0961B156E108}.Release|Any CPU.Build.0 = Release|Any CPU
	EndGlobalSection
	GlobalSection(SolutionProperties) = preSolution
		HideSolutionNode = FALSE
	EndGlobalSection
	GlobalSection(ExtensibilityGlobals) = postSolution
		SolutionGuid = {F476FD77-DB63-4717-BF79-0FDF1F182AFB}
	EndGlobalSection
EndGlobal
